# THIS IS AN AUTOGENERATED FILE. DO NOT EDIT THIS FILE DIRECTLY.
# yarn lockfile v1


"@deno/shim-deno-test@^0.5.0":
  version "0.5.0"
  resolved "https://registry.yarnpkg.com/@deno/shim-deno-test/-/shim-deno-test-0.5.0.tgz#7d5dd221c736d182e587b8fd9bfca49b4dc0aa79"
  integrity sha512-4nMhecpGlPi0cSzT67L+Tm+GOJqvuk8gqHBziqcUQOarnuIax1z96/gJHCSIz2Z0zhxE6Rzwb3IZXPtFh51j+w==

"@deno/shim-deno@~0.18.0":
  version "0.18.2"
  resolved "https://registry.yarnpkg.com/@deno/shim-deno/-/shim-deno-0.18.2.tgz#9fe2fe7c91062bf2d127204f3110c09806cbef92"
  integrity sha512-oQ0CVmOio63wlhwQF75zA4ioolPvOwAoK0yuzcS5bDC1JUvH3y1GS8xPh8EOpcoDQRU4FTG8OQfxhpR+c6DrzA==
  dependencies:
    "@deno/shim-deno-test" "^0.5.0"
    which "^4.0.0"

"@rex-js/rex-cli@^0.0.2":
  version "0.0.2"
  resolved "https://registry.yarnpkg.com/@rex-js/rex-cli/-/rex-cli-0.0.2.tgz#15fd0c44234bdc6aa3b0dab51ceb43274e2636eb"
  integrity sha512-kwDHtfOxU8L43MObSPivhfbEbMzfoqa9Vh22gupALKsc08ksJUbijvLYqlyvOG6/DamoSk3HGnDQsUpZF7OPog==
  dependencies:
    "@deno/shim-deno" "~0.18.0"

"@rex-js/rex@^0.0.2":
  version "0.0.2"
  resolved "https://registry.yarnpkg.com/@rex-js/rex/-/rex-0.0.2.tgz#67d1d3136909f20f1ce20bc973242eb671796b6f"
  integrity sha512-G+6f7IAzYpNvoQ7rMM7IOJNG/Hndpt4JhL0AmSnwkB9UDU/YCfK3ant41T+go1VGrzXihOUvtDpaDSGPtoDDGg==
  dependencies:
    "@deno/shim-deno" "~0.18.0"

isexe@^3.1.1:
  version "3.1.1"
  resolved "https://registry.yarnpkg.com/isexe/-/isexe-3.1.1.tgz#4a407e2bd78ddfb14bea0c27c6f7072dde775f0d"
  integrity sha512-LpB/54B+/2J5hqQ7imZHfdU31OlgQqx7ZicVlkm9kzg9/w8GKLEcFfJl/t7DCEDueOyBAD6zCCwTO6Fzs0NoEQ==

which@^4.0.0:
  version "4.0.0"
  resolved "https://registry.yarnpkg.com/which/-/which-4.0.0.tgz#cd60b5e74503a3fbcfbf6cd6b4138a8bae644c1a"
  integrity sha512-GlaYyEb07DPxYCKhKzplCWBJtvxZcZMrL+4UkrTSJHHPyZU4mYYTv3qaOe77H7EODLSSopAUFAc6W8U4yqvscg==
  dependencies:
    isexe "^3.1.1"
